
Microsoft Visual Studio Solution File, Format Version 12.00
# Visual Studio 15
VisualStudioVersion = 15.0.28307.421
MinimumVisualStudioVersion = 10.0.40219.1
Project("{FAE04EC0-301F-11D3-BF4B-00C04F79EFBC}") = "NFLoanGenerator", "NFLoanGenerator\NFLoanGenerator.csproj", "{23E123F5-3645-4D08-88A1-E8B3C7985A0F}"
EndProject
Global
	GlobalSection(SolutionConfigurationPlatforms) = preSolution
		Debug|Any CPU = Debug|Any CPU
		Release|Any CPU = Release|Any CPU
	EndGlobalSection
	GlobalSection(ProjectConfigurationPlatforms) = postSolution
		{23E123F5-3645-4D08-88A1-E8B3C7985A0F}.Debug|Any CPU.ActiveCfg = Debug|Any CPU
		{23E123F5-3645-4D08-88A1-E8B3C7985A0F}.Debug|Any CPU.Build.0 = Debug|Any CPU
		{23E123F5-3645-4D08-88A1-E8B3C7985A0F}.Release|Any CPU.ActiveCfg = Release|Any CPU
		{23E123F5-3645-4D08-88A1-E8B3C7985A0F}.Release|Any CPU.Build.0 = Release|Any CPU
	EndGlobalSection
	GlobalSection(SolutionProperties) = preSolution
		HideSolutionNode = FALSE
	EndGlobalSection
	GlobalSection(ExtensibilityGlobals) = postSolution
		SolutionGuid = {F1B5877C-1975-4AF9-9063-931067809E04}
	EndGlobalSection
EndGlobal
